
Microsoft Visual Studio Solution File, Format Version 12.00
# Visual Studio Version 17
VisualStudioVersion = 17.14.36511.14
MinimumVisualStudioVersion = 10.0.40219.1
Project("{FAE04EC0-301F-11D3-BF4B-00C04F79EFBC}") = "ConsoleApp1", "ConsoleApp1\ConsoleApp1.csproj", "{19EEE162-AB2B-4251-BE1D-DFB96F46E73A}"
EndProject
Project("{FAE04EC0-301F-11D3-BF4B-00C04F79EFBC}") = "ConsoleApp2", "ConsoleApp2\ConsoleApp2.csproj", "{9344EC92-EEDE-4736-8F94-7BBE3A5BA1DE}"
EndProject
Project("{FAE04EC0-301F-11D3-BF4B-00C04F79EFBC}") = "MyMonitorService", "MyMonitorService\MyMonitorService.csproj", "{864E427D-9D53-5D5F-B3B4-01DF90B9F42F}"
EndProject
Project("{FAE04EC0-301F-11D3-BF4B-00C04F79EFBC}") = "ToolLib", "ToolLib\ToolLib.csproj", "{78744C54-FDC0-AFAE-7BB5-04C6E57F3127}"
EndProject
Global
	GlobalSection(SolutionConfigurationPlatforms) = preSolution
		Debug|Any CPU = Debug|Any CPU
		Release|Any CPU = Release|Any CPU
	EndGlobalSection
	GlobalSection(ProjectConfigurationPlatforms) = postSolution
		{19EEE162-AB2B-4251-BE1D-DFB96F46E73A}.Debug|Any CPU.ActiveCfg = Debug|Any CPU
		{19EEE162-AB2B-4251-BE1D-DFB96F46E73A}.Debug|Any CPU.Build.0 = Debug|Any CPU
		{19EEE162-AB2B-4251-BE1D-DFB96F46E73A}.Release|Any CPU.ActiveCfg = Release|Any CPU
		{19EEE162-AB2B-4251-BE1D-DFB96F46E73A}.Release|Any CPU.Build.0 = Release|Any CPU
		{9344EC92-EEDE-4736-8F94-7BBE3A5BA1DE}.Debug|Any CPU.ActiveCfg = Debug|Any CPU
		{9344EC92-EEDE-4736-8F94-7BBE3A5BA1DE}.Debug|Any CPU.Build.0 = Debug|Any CPU
		{9344EC92-EEDE-4736-8F94-7BBE3A5BA1DE}.Release|Any CPU.ActiveCfg = Release|Any CPU
		{9344EC92-EEDE-4736-8F94-7BBE3A5BA1DE}.Release|Any CPU.Build.0 = Release|Any CPU
		{864E427D-9D53-5D5F-B3B4-01DF90B9F42F}.Debug|Any CPU.ActiveCfg = Debug|Any CPU
		{864E427D-9D53-5D5F-B3B4-01DF90B9F42F}.Debug|Any CPU.Build.0 = Debug|Any CPU
		{864E427D-9D53-5D5F-B3B4-01DF90B9F42F}.Release|Any CPU.ActiveCfg = Release|Any CPU
		{864E427D-9D53-5D5F-B3B4-01DF90B9F42F}.Release|Any CPU.Build.0 = Release|Any CPU
		{78744C54-FDC0-AFAE-7BB5-04C6E57F3127}.Debug|Any CPU.ActiveCfg = Debug|Any CPU
		{78744C54-FDC0-AFAE-7BB5-04C6E57F3127}.Debug|Any CPU.Build.0 = Debug|Any CPU
		{78744C54-FDC0-AFAE-7BB5-04C6E57F3127}.Release|Any CPU.ActiveCfg = Release|Any CPU
		{78744C54-FDC0-AFAE-7BB5-04C6E57F3127}.Release|Any CPU.Build.0 = Release|Any CPU
	EndGlobalSection
	GlobalSection(SolutionProperties) = preSolution
		HideSolutionNode = FALSE
	EndGlobalSection
	GlobalSection(ExtensibilityGlobals) = postSolution
		SolutionGuid = {F607F9C7-8394-4D37-92EF-9C7A24E52349}
	EndGlobalSection
EndGlobal
